Microsoft Visual Studio Solution File, Format Version 12.00
# Visual Studio Version 17
VisualStudioVersion = 17.5.2.0
MinimumVisualStudioVersion = 10.0.40219.1
Project("{FAE04EC0-301F-11D3-BF4B-00C04F79EFBC}") = "cosmos-db-vcore-autoscaler", "cosmos-db-vcore-autoscaler.csproj", "{DD8D8D3A-3AEE-2A35-CE10-F020C320FA7C}"
EndProject
Global
	GlobalSection(SolutionConfigurationPlatforms) = preSolution
		Debug|Any CPU = Debug|Any CPU
		Release|Any CPU = Release|Any CPU
	EndGlobalSection
	GlobalSection(ProjectConfigurationPlatforms) = postSolution
		{DD8D8D3A-3AEE-2A35-CE10-F020C320FA7C}.Debug|Any CPU.ActiveCfg = Debug|Any CPU
		{DD8D8D3A-3AEE-2A35-CE10-F020C320FA7C}.Debug|Any CPU.Build.0 = Debug|Any CPU
		{DD8D8D3A-3AEE-2A35-CE10-F020C320FA7C}.Release|Any CPU.ActiveCfg = Release|Any CPU
		{DD8D8D3A-3AEE-2A35-CE10-F020C320FA7C}.Release|Any CPU.Build.0 = Release|Any CPU
	EndGlobalSection
	GlobalSection(SolutionProperties) = preSolution
		HideSolutionNode = FALSE
	EndGlobalSection
	GlobalSection(ExtensibilityGlobals) = postSolution
		SolutionGuid = {9AE41CC5-00D0-40C4-948E-B3C5598AACD8}
	EndGlobalSection
EndGlobal
